
Microsoft Visual Studio Solution File, Format Version 12.00
# Visual Studio Version 17
VisualStudioVersion = 17.0.31903.59
MinimumVisualStudioVersion = 10.0.40219.1
Project("{2150E333-8FDC-42A3-9474-1A3956D46DE8}") = "src", "src", "{384FEDBF-4838-49B2-8A91-4E83A89AFEDB}"
EndProject
Project("{FAE04EC0-301F-11D3-BF4B-00C04F79EFBC}") = "EPP.Presentation", "src\EPP.Presentation\EPP.Presentation.csproj", "{54EBEFD7-CC6E-4B6C-832E-8484FB7A0479}"
EndProject
Project("{FAE04EC0-301F-11D3-BF4B-00C04F79EFBC}") = "EPP.Application", "src\EPP.Application\EPP.Application.csproj", "{D72F8D91-628A-4762-8855-73E268CD60C8}"
EndProject
Project("{FAE04EC0-301F-11D3-BF4B-00C04F79EFBC}") = "EPP.Domain", "src\EPP.Domain\EPP.Domain.csproj", "{35150A71-DC2D-49F3-8998-79069698CD62}"
EndProject
Project("{FAE04EC0-301F-11D3-BF4B-00C04F79EFBC}") = "EPP.Infrastructure", "src\EPP.Infrastructure\EPP.Infrastructure.csproj", "{F912BAC0-B790-4FD3-B175-8C4624698112}"
EndProject
Global
	GlobalSection(SolutionConfigurationPlatforms) = preSolution
		Debug|Any CPU = Debug|Any CPU
		Release|Any CPU = Release|Any CPU
	EndGlobalSection
	GlobalSection(SolutionProperties) = preSolution
		HideSolutionNode = FALSE
	EndGlobalSection
	GlobalSection(ProjectConfigurationPlatforms) = postSolution
		{237D747E-76E1-4288-976B-C398BEE0A22F}.Debug|Any CPU.ActiveCfg = Debug|Any CPU
		{237D747E-76E1-4288-976B-C398BEE0A22F}.Debug|Any CPU.Build.0 = Debug|Any CPU
		{237D747E-76E1-4288-976B-C398BEE0A22F}.Release|Any CPU.ActiveCfg = Release|Any CPU
		{237D747E-76E1-4288-976B-C398BEE0A22F}.Release|Any CPU.Build.0 = Release|Any CPU
		{54EBEFD7-CC6E-4B6C-832E-8484FB7A0479}.Debug|Any CPU.ActiveCfg = Debug|Any CPU
		{54EBEFD7-CC6E-4B6C-832E-8484FB7A0479}.Debug|Any CPU.Build.0 = Debug|Any CPU
		{54EBEFD7-CC6E-4B6C-832E-8484FB7A0479}.Release|Any CPU.ActiveCfg = Release|Any CPU
		{54EBEFD7-CC6E-4B6C-832E-8484FB7A0479}.Release|Any CPU.Build.0 = Release|Any CPU
		{D72F8D91-628A-4762-8855-73E268CD60C8}.Debug|Any CPU.ActiveCfg = Debug|Any CPU
		{D72F8D91-628A-4762-8855-73E268CD60C8}.Debug|Any CPU.Build.0 = Debug|Any CPU
		{D72F8D91-628A-4762-8855-73E268CD60C8}.Release|Any CPU.ActiveCfg = Release|Any CPU
		{D72F8D91-628A-4762-8855-73E268CD60C8}.Release|Any CPU.Build.0 = Release|Any CPU
		{35150A71-DC2D-49F3-8998-79069698CD62}.Debug|Any CPU.ActiveCfg = Debug|Any CPU
		{35150A71-DC2D-49F3-8998-79069698CD62}.Debug|Any CPU.Build.0 = Debug|Any CPU
		{35150A71-DC2D-49F3-8998-79069698CD62}.Release|Any CPU.ActiveCfg = Release|Any CPU
		{35150A71-DC2D-49F3-8998-79069698CD62}.Release|Any CPU.Build.0 = Release|Any CPU
		{F912BAC0-B790-4FD3-B175-8C4624698112}.Debug|Any CPU.ActiveCfg = Debug|Any CPU
		{F912BAC0-B790-4FD3-B175-8C4624698112}.Debug|Any CPU.Build.0 = Debug|Any CPU
		{F912BAC0-B790-4FD3-B175-8C4624698112}.Release|Any CPU.ActiveCfg = Release|Any CPU
		{F912BAC0-B790-4FD3-B175-8C4624698112}.Release|Any CPU.Build.0 = Release|Any CPU
	EndGlobalSection
	GlobalSection(NestedProjects) = preSolution
		{54EBEFD7-CC6E-4B6C-832E-8484FB7A0479} = {384FEDBF-4838-49B2-8A91-4E83A89AFEDB}
		{D72F8D91-628A-4762-8855-73E268CD60C8} = {384FEDBF-4838-49B2-8A91-4E83A89AFEDB}
		{35150A71-DC2D-49F3-8998-79069698CD62} = {384FEDBF-4838-49B2-8A91-4E83A89AFEDB}
		{F912BAC0-B790-4FD3-B175-8C4624698112} = {384FEDBF-4838-49B2-8A91-4E83A89AFEDB}
	EndGlobalSection
EndGlobal
