
Microsoft Visual Studio Solution File, Format Version 12.00
# Visual Studio Version 17
VisualStudioVersion = 17.0.31903.59
MinimumVisualStudioVersion = 10.0.40219.1
Project("{FAE04EC0-301F-11D3-BF4B-00C04F79EFBC}") = "api", "api\api.csproj", "{237D747E-76E1-4288-976B-C398BEE0A22F}"
EndProject
Project("{FAE04EC0-301F-11D3-BF4B-00C04F79EFBC}") = "api-test", "api-test\api-test.csproj", "{E1D69BC6-3F12-470A-A8BB-26A85E770FD4}"
EndProject
Global
	GlobalSection(SolutionConfigurationPlatforms) = preSolution
		Debug|Any CPU = Debug|Any CPU
		Release|Any CPU = Release|Any CPU
	EndGlobalSection
	GlobalSection(SolutionProperties) = preSolution
		HideSolutionNode = FALSE
	EndGlobalSection
	GlobalSection(ProjectConfigurationPlatforms) = postSolution
		{237D747E-76E1-4288-976B-C398BEE0A22F}.Debug|Any CPU.ActiveCfg = Debug|Any CPU
		{237D747E-76E1-4288-976B-C398BEE0A22F}.Debug|Any CPU.Build.0 = Debug|Any CPU
		{237D747E-76E1-4288-976B-C398BEE0A22F}.Release|Any CPU.ActiveCfg = Release|Any CPU
		{237D747E-76E1-4288-976B-C398BEE0A22F}.Release|Any CPU.Build.0 = Release|Any CPU
		{E1D69BC6-3F12-470A-A8BB-26A85E770FD4}.Debug|Any CPU.ActiveCfg = Debug|Any CPU
		{E1D69BC6-3F12-470A-A8BB-26A85E770FD4}.Debug|Any CPU.Build.0 = Debug|Any CPU
		{E1D69BC6-3F12-470A-A8BB-26A85E770FD4}.Release|Any CPU.ActiveCfg = Release|Any CPU
		{E1D69BC6-3F12-470A-A8BB-26A85E770FD4}.Release|Any CPU.Build.0 = Release|Any CPU
	EndGlobalSection
EndGlobal
